
Microsoft Visual Studio Solution File, Format Version 12.00
# Visual Studio Version 16
VisualStudioVersion = 16.0.30717.126
MinimumVisualStudioVersion = 10.0.40219.1
Project("{FAE04EC0-301F-11D3-BF4B-00C04F79EFBC}") = "OOP_Laba15", "OOP_Laba15.csproj", "{C74C5432-6154-4D60-8B7C-A40D7FA88D98}"
EndProject
Global
	GlobalSection(SolutionConfigurationPlatforms) = preSolution
		Debug|Any CPU = Debug|Any CPU
		Release|Any CPU = Release|Any CPU
	EndGlobalSection
	GlobalSection(ProjectConfigurationPlatforms) = postSolution
		{C74C5432-6154-4D60-8B7C-A40D7FA88D98}.Debug|Any CPU.ActiveCfg = Debug|Any CPU
		{C74C5432-6154-4D60-8B7C-A40D7FA88D98}.Debug|Any CPU.Build.0 = Debug|Any CPU
		{C74C5432-6154-4D60-8B7C-A40D7FA88D98}.Release|Any CPU.ActiveCfg = Release|Any CPU
		{C74C5432-6154-4D60-8B7C-A40D7FA88D98}.Release|Any CPU.Build.0 = Release|Any CPU
	EndGlobalSection
	GlobalSection(SolutionProperties) = preSolution
		HideSolutionNode = FALSE
	EndGlobalSection
	GlobalSection(ExtensibilityGlobals) = postSolution
		SolutionGuid = {8C6B4879-3124-4AE8-B71E-E5F1BD6C50BF}
	EndGlobalSection
EndGlobal
